// !$*UTF8*$!
{
	archiveVersion = 1;
	classes = {
	};
	objectVersion = 56;
	objects = {

/* Begin PBXBuildFile section */
		1127501D2C1C52D400A970BA /* CustomMusicButton.swift in Sources */ = {isa = PBXBuildFile; fileRef = 1127501C2C1C52D400A970BA /* CustomMusicButton.swift */; };
		1179376D2C181A7500652C75 /* Rubik-VariableFont.ttf in Resources */ = {isa = PBXBuildFile; fileRef = 1179376C2C181A7500652C75 /* Rubik-VariableFont.ttf */; };
		117937712C181E2D00652C75 /* FontExtension .swift in Sources */ = {isa = PBXBuildFile; fileRef = 117937702C181E2D00652C75 /* FontExtension .swift */; };
		117937732C1823F300652C75 /* ImageExtension.swift in Sources */ = {isa = PBXBuildFile; fileRef = 117937722C1823F300652C75 /* ImageExtension.swift */; };
		117937762C182B1B00652C75 /* buttonClick.mp3 in Resources */ = {isa = PBXBuildFile; fileRef = 117937752C182B1B00652C75 /* buttonClick.mp3 */; };
		117937782C182B5200652C75 /* backgroundMusic.mp3 in Resources */ = {isa = PBXBuildFile; fileRef = 117937772C182B5200652C75 /* backgroundMusic.mp3 */; };
		1179377A2C182C3A00652C75 /* SoundExtension.swift in Sources */ = {isa = PBXBuildFile; fileRef = 117937792C182C3A00652C75 /* SoundExtension.swift */; };
		117937812C18785500652C75 /* ColorExtension.swift in Sources */ = {isa = PBXBuildFile; fileRef = 117937802C18785500652C75 /* ColorExtension.swift */; };
		117937842C1986FB00652C75 /* LoadScreenView.swift in Sources */ = {isa = PBXBuildFile; fileRef = 117937832C1986FB00652C75 /* LoadScreenView.swift */; };
		117937862C19872F00652C75 /* LoadScreenViewController.swift in Sources */ = {isa = PBXBuildFile; fileRef = 117937852C19872F00652C75 /* LoadScreenViewController.swift */; };
		117937892C19C06F00652C75 /* SettingsViewController.swift in Sources */ = {isa = PBXBuildFile; fileRef = 117937882C19C06E00652C75 /* SettingsViewController.swift */; };
		1179378B2C19C08400652C75 /* SettingsView.swift in Sources */ = {isa = PBXBuildFile; fileRef = 1179378A2C19C08400652C75 /* SettingsView.swift */; };
		11973DFF2C17497C00DC011E /* StartScreenViewController.swift in Sources */ = {isa = PBXBuildFile; fileRef = 11973DFE2C17497C00DC011E /* StartScreenViewController.swift */; };
		11A80A1E2C1828ED002F9CE4 /* StartScreenView.swift in Sources */ = {isa = PBXBuildFile; fileRef = 11A80A1D2C1828ED002F9CE4 /* StartScreenView.swift */; };
		D9023F442C15CA7800FF0001 /* AppDelegate.swift in Sources */ = {isa = PBXBuildFile; fileRef = D9023F432C15CA7800FF0001 /* AppDelegate.swift */; };
		D9023F462C15CA7800FF0001 /* SceneDelegate.swift in Sources */ = {isa = PBXBuildFile; fileRef = D9023F452C15CA7800FF0001 /* SceneDelegate.swift */; };
		D9023F482C15CA7800FF0001 /* RulesViewController.swift in Sources */ = {isa = PBXBuildFile; fileRef = D9023F472C15CA7800FF0001 /* RulesViewController.swift */; };
		D9023F4D2C15CA7A00FF0001 /* Assets.xcassets in Resources */ = {isa = PBXBuildFile; fileRef = D9023F4C2C15CA7A00FF0001 /* Assets.xcassets */; };
		D9023F502C15CA7A00FF0001 /* Base in Resources */ = {isa = PBXBuildFile; fileRef = D9023F4F2C15CA7A00FF0001 /* Base */; };
		D9023F5E2C1611C700FF0001 /* RulesView.swift in Sources */ = {isa = PBXBuildFile; fileRef = D9023F5D2C1611C700FF0001 /* RulesView.swift */; };
		D906EB3C2C1979370090EA9C /* UIViewController+Preview.swift in Sources */ = {isa = PBXBuildFile; fileRef = D906EB3B2C1979370090EA9C /* UIViewController+Preview.swift */; };
		D906EB402C1979400090EA9C /* FightResultView.swift in Sources */ = {isa = PBXBuildFile; fileRef = D906EB3D2C1979400090EA9C /* FightResultView.swift */; };
		D906EB412C1979400090EA9C /* FightResultViewController.swift in Sources */ = {isa = PBXBuildFile; fileRef = D906EB3E2C1979400090EA9C /* FightResultViewController.swift */; };
		D93C69062C1763220033BF0E /* ButtonFactory.swift in Sources */ = {isa = PBXBuildFile; fileRef = D93C69052C1763220033BF0E /* ButtonFactory.swift */; };
		D93C69082C178F5A0033BF0E /* LabelFactory.swift in Sources */ = {isa = PBXBuildFile; fileRef = D93C69072C178F5A0033BF0E /* LabelFactory.swift */; };
/* End PBXBuildFile section */

/* Begin PBXFileReference section */
		1127501C2C1C52D400A970BA /* CustomMusicButton.swift */ = {isa = PBXFileReference; lastKnownFileType = sourcecode.swift; path = CustomMusicButton.swift; sourceTree = "<group>"; };
		1179376C2C181A7500652C75 /* Rubik-VariableFont.ttf */ = {isa = PBXFileReference; lastKnownFileType = file; path = "Rubik-VariableFont.ttf"; sourceTree = "<group>"; };
		117937702C181E2D00652C75 /* FontExtension .swift */ = {isa = PBXFileReference; lastKnownFileType = sourcecode.swift; path = "FontExtension .swift"; sourceTree = "<group>"; };
		117937722C1823F300652C75 /* ImageExtension.swift */ = {isa = PBXFileReference; lastKnownFileType = sourcecode.swift; path = ImageExtension.swift; sourceTree = "<group>"; };
		117937752C182B1B00652C75 /* buttonClick.mp3 */ = {isa = PBXFileReference; lastKnownFileType = audio.mp3; path = buttonClick.mp3; sourceTree = "<group>"; };
		117937772C182B5200652C75 /* backgroundMusic.mp3 */ = {isa = PBXFileReference; lastKnownFileType = audio.mp3; path = backgroundMusic.mp3; sourceTree = "<group>"; };
		117937792C182C3A00652C75 /* SoundExtension.swift */ = {isa = PBXFileReference; lastKnownFileType = sourcecode.swift; path = SoundExtension.swift; sourceTree = "<group>"; };
		117937802C18785500652C75 /* ColorExtension.swift */ = {isa = PBXFileReference; lastKnownFileType = sourcecode.swift; path = ColorExtension.swift; sourceTree = "<group>"; };
		117937832C1986FB00652C75 /* LoadScreenView.swift */ = {isa = PBXFileReference; lastKnownFileType = sourcecode.swift; path = LoadScreenView.swift; sourceTree = "<group>"; };
		117937852C19872F00652C75 /* LoadScreenViewController.swift */ = {isa = PBXFileReference; lastKnownFileType = sourcecode.swift; path = LoadScreenViewController.swift; sourceTree = "<group>"; };
		117937882C19C06E00652C75 /* SettingsViewController.swift */ = {isa = PBXFileReference; lastKnownFileType = sourcecode.swift; path = SettingsViewController.swift; sourceTree = "<group>"; };
		1179378A2C19C08400652C75 /* SettingsView.swift */ = {isa = PBXFileReference; lastKnownFileType = sourcecode.swift; path = SettingsView.swift; sourceTree = "<group>"; };
		11973DFE2C17497C00DC011E /* StartScreenViewController.swift */ = {isa = PBXFileReference; lastKnownFileType = sourcecode.swift; path = StartScreenViewController.swift; sourceTree = "<group>"; };
		11A80A1D2C1828ED002F9CE4 /* StartScreenView.swift */ = {isa = PBXFileReference; lastKnownFileType = sourcecode.swift; path = StartScreenView.swift; sourceTree = "<group>"; };
		D9023F402C15CA7800FF0001 /* rps-game-ios.app */ = {isa = PBXFileReference; explicitFileType = wrapper.application; includeInIndex = 0; path = "rps-game-ios.app"; sourceTree = BUILT_PRODUCTS_DIR; };
		D9023F432C15CA7800FF0001 /* AppDelegate.swift */ = {isa = PBXFileReference; lastKnownFileType = sourcecode.swift; path = AppDelegate.swift; sourceTree = "<group>"; };
		D9023F452C15CA7800FF0001 /* SceneDelegate.swift */ = {isa = PBXFileReference; lastKnownFileType = sourcecode.swift; path = SceneDelegate.swift; sourceTree = "<group>"; };
		D9023F472C15CA7800FF0001 /* RulesViewController.swift */ = {isa = PBXFileReference; lastKnownFileType = sourcecode.swift; path = RulesViewController.swift; sourceTree = "<group>"; };
		D9023F4C2C15CA7A00FF0001 /* Assets.xcassets */ = {isa = PBXFileReference; lastKnownFileType = folder.assetcatalog; path = Assets.xcassets; sourceTree = "<group>"; };
		D9023F4F2C15CA7A00FF0001 /* Base */ = {isa = PBXFileReference; lastKnownFileType = file.storyboard; name = Base; path = Base.lproj/LaunchScreen.storyboard; sourceTree = "<group>"; };
		D9023F512C15CA7A00FF0001 /* Info.plist */ = {isa = PBXFileReference; lastKnownFileType = text.plist.xml; path = Info.plist; sourceTree = "<group>"; };
		D9023F5D2C1611C700FF0001 /* RulesView.swift */ = {isa = PBXFileReference; lastKnownFileType = sourcecode.swift; path = RulesView.swift; sourceTree = "<group>"; };
		D906EB3B2C1979370090EA9C /* UIViewController+Preview.swift */ = {isa = PBXFileReference; fileEncoding = 4; lastKnownFileType = sourcecode.swift; path = "UIViewController+Preview.swift"; sourceTree = "<group>"; };
		D906EB3D2C1979400090EA9C /* FightResultView.swift */ = {isa = PBXFileReference; fileEncoding = 4; lastKnownFileType = sourcecode.swift; path = FightResultView.swift; sourceTree = "<group>"; };
		D906EB3E2C1979400090EA9C /* FightResultViewController.swift */ = {isa = PBXFileReference; fileEncoding = 4; lastKnownFileType = sourcecode.swift; path = FightResultViewController.swift; sourceTree = "<group>"; };
		D93C69052C1763220033BF0E /* ButtonFactory.swift */ = {isa = PBXFileReference; lastKnownFileType = sourcecode.swift; path = ButtonFactory.swift; sourceTree = "<group>"; };
		D93C69072C178F5A0033BF0E /* LabelFactory.swift */ = {isa = PBXFileReference; lastKnownFileType = sourcecode.swift; path = LabelFactory.swift; sourceTree = "<group>"; };
/* End PBXFileReference section */

/* Begin PBXFrameworksBuildPhase section */
		D9023F3D2C15CA7800FF0001 /* Frameworks */ = {
			isa = PBXFrameworksBuildPhase;
			buildActionMask = 2147483647;
			files = (
			);
			runOnlyForDeploymentPostprocessing = 0;
		};
/* End PBXFrameworksBuildPhase section */

/* Begin PBXGroup section */
		117937692C18161100652C75 /* Fonts */ = {
			isa = PBXGroup;
			children = (
				1179376C2C181A7500652C75 /* Rubik-VariableFont.ttf */,
			);
			path = Fonts;
			sourceTree = "<group>";
		};
		1179376F2C181DF700652C75 /* Extensions */ = {
			isa = PBXGroup;
			children = (
				D906EB3B2C1979370090EA9C /* UIViewController+Preview.swift */,
				117937702C181E2D00652C75 /* FontExtension .swift */,
				117937792C182C3A00652C75 /* SoundExtension.swift */,
				117937722C1823F300652C75 /* ImageExtension.swift */,
				117937802C18785500652C75 /* ColorExtension.swift */,
			);
			path = Extensions;
			sourceTree = "<group>";
		};
		117937742C182B0B00652C75 /* Sounds */ = {
			isa = PBXGroup;
			children = (
				117937772C182B5200652C75 /* backgroundMusic.mp3 */,
				117937752C182B1B00652C75 /* buttonClick.mp3 */,
			);
			path = Sounds;
			sourceTree = "<group>";
		};
		117937822C19866500652C75 /* LoadScreen */ = {
			isa = PBXGroup;
			children = (
				117937832C1986FB00652C75 /* LoadScreenView.swift */,
				117937852C19872F00652C75 /* LoadScreenViewController.swift */,
			);
			path = LoadScreen;
			sourceTree = "<group>";
		};
		117937872C19C04D00652C75 /* SettingsScreen */ = {
			isa = PBXGroup;
			children = (
				1179378A2C19C08400652C75 /* SettingsView.swift */,
				117937882C19C06E00652C75 /* SettingsViewController.swift */,
				1127501C2C1C52D400A970BA /* CustomMusicButton.swift */,
			);
			path = SettingsScreen;
			sourceTree = "<group>";
		};
		11A80A1C2C1827FF002F9CE4 /* StartScreen */ = {
			isa = PBXGroup;
			children = (
				11973DFE2C17497C00DC011E /* StartScreenViewController.swift */,
				11A80A1D2C1828ED002F9CE4 /* StartScreenView.swift */,
			);
			path = StartScreen;
			sourceTree = "<group>";
		};
		D9023F372C15CA7800FF0001 = {
			isa = PBXGroup;
			children = (
				D9023F422C15CA7800FF0001 /* rps-game-ios */,
				D9023F412C15CA7800FF0001 /* Products */,
			);
			sourceTree = "<group>";
		};
		D9023F412C15CA7800FF0001 /* Products */ = {
			isa = PBXGroup;
			children = (
				D9023F402C15CA7800FF0001 /* rps-game-ios.app */,
			);
			name = Products;
			sourceTree = "<group>";
		};
		D9023F422C15CA7800FF0001 /* rps-game-ios */ = {
			isa = PBXGroup;
			children = (
				1179376F2C181DF700652C75 /* Extensions */,
				D93C69042C17630C0033BF0E /* Factories */,
				D9023F512C15CA7A00FF0001 /* Info.plist */,
				D9023F592C1610FD00FF0001 /* App */,
				D9023F5A2C16110700FF0001 /* Modules */,
				D9023F582C1610F300FF0001 /* Services */,
				D9023F5B2C16111A00FF0001 /* Resources */,
			);
			path = "rps-game-ios";
			sourceTree = "<group>";
		};
		D9023F572C160D0700FF0001 /* Rules */ = {
			isa = PBXGroup;
			children = (
				D9023F472C15CA7800FF0001 /* RulesViewController.swift */,
				D9023F5D2C1611C700FF0001 /* RulesView.swift */,
			);
			path = Rules;
			sourceTree = "<group>";
		};
		D9023F582C1610F300FF0001 /* Services */ = {
			isa = PBXGroup;
			children = (
			);
			path = Services;
			sourceTree = "<group>";
		};
		D9023F592C1610FD00FF0001 /* App */ = {
			isa = PBXGroup;
			children = (
				D9023F432C15CA7800FF0001 /* AppDelegate.swift */,
				D9023F452C15CA7800FF0001 /* SceneDelegate.swift */,
			);
			path = App;
			sourceTree = "<group>";
		};
		D9023F5A2C16110700FF0001 /* Modules */ = {
			isa = PBXGroup;
			children = (
				117937872C19C04D00652C75 /* SettingsScreen */,
				117937822C19866500652C75 /* LoadScreen */,
				D906EB3F2C1979400090EA9C /* FightResult */,
				D9023F572C160D0700FF0001 /* Rules */,
				11A80A1C2C1827FF002F9CE4 /* StartScreen */,
			);
			path = Modules;
			sourceTree = "<group>";
		};
		D9023F5B2C16111A00FF0001 /* Resources */ = {
			isa = PBXGroup;
			children = (
				117937742C182B0B00652C75 /* Sounds */,
				117937692C18161100652C75 /* Fonts */,
				D9023F4C2C15CA7A00FF0001 /* Assets.xcassets */,
				D9023F4E2C15CA7A00FF0001 /* LaunchScreen.storyboard */,
			);
			path = Resources;
			sourceTree = "<group>";
		};
		D906EB3F2C1979400090EA9C /* FightResult */ = {
			isa = PBXGroup;
			children = (
				D906EB3D2C1979400090EA9C /* FightResultView.swift */,
				D906EB3E2C1979400090EA9C /* FightResultViewController.swift */,
			);
			path = FightResult;
			sourceTree = "<group>";
		};
		D93C69042C17630C0033BF0E /* Factories */ = {
			isa = PBXGroup;
			children = (
				D93C69052C1763220033BF0E /* ButtonFactory.swift */,
				D93C69072C178F5A0033BF0E /* LabelFactory.swift */,
			);
			path = Factories;
			sourceTree = "<group>";
		};
/* End PBXGroup section */

/* Begin PBXNativeTarget section */
		D9023F3F2C15CA7800FF0001 /* rps-game-ios */ = {
			isa = PBXNativeTarget;
			buildConfigurationList = D9023F542C15CA7A00FF0001 /* Build configuration list for PBXNativeTarget "rps-game-ios" */;
			buildPhases = (
				D9023F3C2C15CA7800FF0001 /* Sources */,
				D9023F3D2C15CA7800FF0001 /* Frameworks */,
				D9023F3E2C15CA7800FF0001 /* Resources */,
			);
			buildRules = (
			);
			dependencies = (
			);
			name = "rps-game-ios";
			productName = "rps-game-ios";
			productReference = D9023F402C15CA7800FF0001 /* rps-game-ios.app */;
			productType = "com.apple.product-type.application";
		};
/* End PBXNativeTarget section */

/* Begin PBXProject section */
		D9023F382C15CA7800FF0001 /* Project object */ = {
			isa = PBXProject;
			attributes = {
				BuildIndependentTargetsInParallel = 1;
				LastSwiftUpdateCheck = 1540;
				LastUpgradeCheck = 1540;
				TargetAttributes = {
					D9023F3F2C15CA7800FF0001 = {
						CreatedOnToolsVersion = 15.4;
					};
				};
			};
			buildConfigurationList = D9023F3B2C15CA7800FF0001 /* Build configuration list for PBXProject "rps-game-ios" */;
			compatibilityVersion = "Xcode 14.0";
			developmentRegion = en;
			hasScannedForEncodings = 0;
			knownRegions = (
				en,
				Base,
			);
			mainGroup = D9023F372C15CA7800FF0001;
			productRefGroup = D9023F412C15CA7800FF0001 /* Products */;
			projectDirPath = "";
			projectRoot = "";
			targets = (
				D9023F3F2C15CA7800FF0001 /* rps-game-ios */,
			);
		};
/* End PBXProject section */

/* Begin PBXResourcesBuildPhase section */
		D9023F3E2C15CA7800FF0001 /* Resources */ = {
			isa = PBXResourcesBuildPhase;
			buildActionMask = 2147483647;
			files = (
				1179376D2C181A7500652C75 /* Rubik-VariableFont.ttf in Resources */,
				117937762C182B1B00652C75 /* buttonClick.mp3 in Resources */,
				D9023F4D2C15CA7A00FF0001 /* Assets.xcassets in Resources */,
				117937782C182B5200652C75 /* backgroundMusic.mp3 in Resources */,
				D9023F502C15CA7A00FF0001 /* Base in Resources */,
			);
			runOnlyForDeploymentPostprocessing = 0;
		};
/* End PBXResourcesBuildPhase section */

/* Begin PBXSourcesBuildPhase section */
		D9023F3C2C15CA7800FF0001 /* Sources */ = {
			isa = PBXSourcesBuildPhase;
			buildActionMask = 2147483647;
			files = (
				D9023F5E2C1611C700FF0001 /* RulesView.swift in Sources */,
				D906EB412C1979400090EA9C /* FightResultViewController.swift in Sources */,
				1127501D2C1C52D400A970BA /* CustomMusicButton.swift in Sources */,
				11A80A1E2C1828ED002F9CE4 /* StartScreenView.swift in Sources */,
				D93C69062C1763220033BF0E /* ButtonFactory.swift in Sources */,
				1179377A2C182C3A00652C75 /* SoundExtension.swift in Sources */,
				117937892C19C06F00652C75 /* SettingsViewController.swift in Sources */,
				D9023F482C15CA7800FF0001 /* RulesViewController.swift in Sources */,
				117937712C181E2D00652C75 /* FontExtension .swift in Sources */,
				D93C69082C178F5A0033BF0E /* LabelFactory.swift in Sources */,
				D9023F442C15CA7800FF0001 /* AppDelegate.swift in Sources */,
				117937862C19872F00652C75 /* LoadScreenViewController.swift in Sources */,
				1179378B2C19C08400652C75 /* SettingsView.swift in Sources */,
				D9023F462C15CA7800FF0001 /* SceneDelegate.swift in Sources */,
				117937842C1986FB00652C75 /* LoadScreenView.swift in Sources */,
				11973DFF2C17497C00DC011E /* StartScreenViewController.swift in Sources */,
				D906EB402C1979400090EA9C /* FightResultView.swift in Sources */,
				D906EB3C2C1979370090EA9C /* UIViewController+Preview.swift in Sources */,
				117937732C1823F300652C75 /* ImageExtension.swift in Sources */,
				117937812C18785500652C75 /* ColorExtension.swift in Sources */,
			);
			runOnlyForDeploymentPostprocessing = 0;
		};
/* End PBXSourcesBuildPhase section */

/* Begin PBXVariantGroup section */
		D9023F4E2C15CA7A00FF0001 /* LaunchScreen.storyboard */ = {
			isa = PBXVariantGroup;
			children = (
				D9023F4F2C15CA7A00FF0001 /* Base */,
			);
			name = LaunchScreen.storyboard;
			sourceTree = "<group>";
		};
/* End PBXVariantGroup section */

/* Begin XCBuildConfiguration section */
		D9023F522C15CA7A00FF0001 /* Debug */ = {
			isa = XCBuildConfiguration;
			buildSettings = {
				ALWAYS_SEARCH_USER_PATHS = NO;
				ASSETCATALOG_COMPILER_GENERATE_SWIFT_ASSET_SYMBOL_EXTENSIONS = YES;
				CLANG_ANALYZER_NONNULL = YES;
				CLANG_ANALYZER_NUMBER_OBJECT_CONVERSION = YES_AGGRESSIVE;
				CLANG_CXX_LANGUAGE_STANDARD = "gnu++20";
				CLANG_ENABLE_MODULES = YES;
				CLANG_ENABLE_OBJC_ARC = YES;
				CLANG_ENABLE_OBJC_WEAK = YES;
				CLANG_WARN_BLOCK_CAPTURE_AUTORELEASING = YES;
				CLANG_WARN_BOOL_CONVERSION = YES;
				CLANG_WARN_COMMA = YES;
				CLANG_WARN_CONSTANT_CONVERSION = YES;
				CLANG_WARN_DEPRECATED_OBJC_IMPLEMENTATIONS = YES;
				CLANG_WARN_DIRECT_OBJC_ISA_USAGE = YES_ERROR;
				CLANG_WARN_DOCUMENTATION_COMMENTS = YES;
				CLANG_WARN_EMPTY_BODY = YES;
				CLANG_WARN_ENUM_CONVERSION = YES;
				CLANG_WARN_INFINITE_RECURSION = YES;
				CLANG_WARN_INT_CONVERSION = YES;
				CLANG_WARN_NON_LITERAL_NULL_CONVERSION = YES;
				CLANG_WARN_OBJC_IMPLICIT_RETAIN_SELF = YES;
				CLANG_WARN_OBJC_LITERAL_CONVERSION = YES;
				CLANG_WARN_OBJC_ROOT_CLASS = YES_ERROR;
				CLANG_WARN_QUOTED_INCLUDE_IN_FRAMEWORK_HEADER = YES;
				CLANG_WARN_RANGE_LOOP_ANALYSIS = YES;
				CLANG_WARN_STRICT_PROTOTYPES = YES;
				CLANG_WARN_SUSPICIOUS_MOVE = YES;
				CLANG_WARN_UNGUARDED_AVAILABILITY = YES_AGGRESSIVE;
				CLANG_WARN_UNREACHABLE_CODE = YES;
				CLANG_WARN__DUPLICATE_METHOD_MATCH = YES;
				COPY_PHASE_STRIP = NO;
				DEBUG_INFORMATION_FORMAT = dwarf;
				ENABLE_STRICT_OBJC_MSGSEND = YES;
				ENABLE_TESTABILITY = YES;
				ENABLE_USER_SCRIPT_SANDBOXING = YES;
				GCC_C_LANGUAGE_STANDARD = gnu17;
				GCC_DYNAMIC_NO_PIC = NO;
				GCC_NO_COMMON_BLOCKS = YES;
				GCC_OPTIMIZATION_LEVEL = 0;
				GCC_PREPROCESSOR_DEFINITIONS = (
					"DEBUG=1",
					"$(inherited)",
				);
				GCC_WARN_64_TO_32_BIT_CONVERSION = YES;
				GCC_WARN_ABOUT_RETURN_TYPE = YES_ERROR;
				GCC_WARN_UNDECLARED_SELECTOR = YES;
				GCC_WARN_UNINITIALIZED_AUTOS = YES_AGGRESSIVE;
				GCC_WARN_UNUSED_FUNCTION = YES;
				GCC_WARN_UNUSED_VARIABLE = YES;
				IPHONEOS_DEPLOYMENT_TARGET = 17.5;
				LOCALIZATION_PREFERS_STRING_CATALOGS = YES;
				MTL_ENABLE_DEBUG_INFO = INCLUDE_SOURCE;
				MTL_FAST_MATH = YES;
				ONLY_ACTIVE_ARCH = YES;
				SDKROOT = iphoneos;
				SWIFT_ACTIVE_COMPILATION_CONDITIONS = "DEBUG $(inherited)";
				SWIFT_OPTIMIZATION_LEVEL = "-Onone";
			};
			name = Debug;
		};
		D9023F532C15CA7A00FF0001 /* Release */ = {
			isa = XCBuildConfiguration;
			buildSettings = {
				ALWAYS_SEARCH_USER_PATHS = NO;
				ASSETCATALOG_COMPILER_GENERATE_SWIFT_ASSET_SYMBOL_EXTENSIONS = YES;
				CLANG_ANALYZER_NONNULL = YES;
				CLANG_ANALYZER_NUMBER_OBJECT_CONVERSION = YES_AGGRESSIVE;
				CLANG_CXX_LANGUAGE_STANDARD = "gnu++20";
				CLANG_ENABLE_MODULES = YES;
				CLANG_ENABLE_OBJC_ARC = YES;
				CLANG_ENABLE_OBJC_WEAK = YES;
				CLANG_WARN_BLOCK_CAPTURE_AUTORELEASING = YES;
				CLANG_WARN_BOOL_CONVERSION = YES;
				CLANG_WARN_COMMA = YES;
				CLANG_WARN_CONSTANT_CONVERSION = YES;
				CLANG_WARN_DEPRECATED_OBJC_IMPLEMENTATIONS = YES;
				CLANG_WARN_DIRECT_OBJC_ISA_USAGE = YES_ERROR;
				CLANG_WARN_DOCUMENTATION_COMMENTS = YES;
				CLANG_WARN_EMPTY_BODY = YES;
				CLANG_WARN_ENUM_CONVERSION = YES;
				CLANG_WARN_INFINITE_RECURSION = YES;
				CLANG_WARN_INT_CONVERSION = YES;
				CLANG_WARN_NON_LITERAL_NULL_CONVERSION = YES;
				CLANG_WARN_OBJC_IMPLICIT_RETAIN_SELF = YES;
				CLANG_WARN_OBJC_LITERAL_CONVERSION = YES;
				CLANG_WARN_OBJC_ROOT_CLASS = YES_ERROR;
				CLANG_WARN_QUOTED_INCLUDE_IN_FRAMEWORK_HEADER = YES;
				CLANG_WARN_RANGE_LOOP_ANALYSIS = YES;
				CLANG_WARN_STRICT_PROTOTYPES = YES;
				CLANG_WARN_SUSPICIOUS_MOVE = YES;
				CLANG_WARN_UNGUARDED_AVAILABILITY = YES_AGGRESSIVE;
				CLANG_WARN_UNREACHABLE_CODE = YES;
				CLANG_WARN__DUPLICATE_METHOD_MATCH = YES;
				COPY_PHASE_STRIP = NO;
				DEBUG_INFORMATION_FORMAT = "dwarf-with-dsym";
				ENABLE_NS_ASSERTIONS = NO;
				ENABLE_STRICT_OBJC_MSGSEND = YES;
				ENABLE_USER_SCRIPT_SANDBOXING = YES;
				GCC_C_LANGUAGE_STANDARD = gnu17;
				GCC_NO_COMMON_BLOCKS = YES;
				GCC_WARN_64_TO_32_BIT_CONVERSION = YES;
				GCC_WARN_ABOUT_RETURN_TYPE = YES_ERROR;
				GCC_WARN_UNDECLARED_SELECTOR = YES;
				GCC_WARN_UNINITIALIZED_AUTOS = YES_AGGRESSIVE;
				GCC_WARN_UNUSED_FUNCTION = YES;
				GCC_WARN_UNUSED_VARIABLE = YES;
				IPHONEOS_DEPLOYMENT_TARGET = 17.5;
				LOCALIZATION_PREFERS_STRING_CATALOGS = YES;
				MTL_ENABLE_DEBUG_INFO = NO;
				MTL_FAST_MATH = YES;
				SDKROOT = iphoneos;
				SWIFT_COMPILATION_MODE = wholemodule;
				VALIDATE_PRODUCT = YES;
			};
			name = Release;
		};
		D9023F552C15CA7A00FF0001 /* Debug */ = {
			isa = XCBuildConfiguration;
			buildSettings = {
				ASSETCATALOG_COMPILER_APPICON_NAME = AppIcon;
				ASSETCATALOG_COMPILER_GLOBAL_ACCENT_COLOR_NAME = AccentColor;
				CODE_SIGN_STYLE = Automatic;
				CURRENT_PROJECT_VERSION = 1;
				GENERATE_INFOPLIST_FILE = YES;
				INFOPLIST_FILE = "rps-game-ios/Info.plist";
				INFOPLIST_KEY_UIApplicationSupportsIndirectInputEvents = YES;
				INFOPLIST_KEY_UILaunchStoryboardName = LaunchScreen;
				INFOPLIST_KEY_UISupportedInterfaceOrientations_iPad = "UIInterfaceOrientationPortrait UIInterfaceOrientationPortraitUpsideDown UIInterfaceOrientationLandscapeLeft UIInterfaceOrientationLandscapeRight";
				INFOPLIST_KEY_UISupportedInterfaceOrientations_iPhone = "UIInterfaceOrientationPortrait UIInterfaceOrientationLandscapeLeft UIInterfaceOrientationLandscapeRight";
				IPHONEOS_DEPLOYMENT_TARGET = 15.0;
				LD_RUNPATH_SEARCH_PATHS = (
					"$(inherited)",
					"@executable_path/Frameworks",
				);
				MARKETING_VERSION = 1.0;
				PRODUCT_BUNDLE_IDENTIFIER = "com.anyteam.rps-game-ios";
				PRODUCT_NAME = "$(TARGET_NAME)";
				SWIFT_EMIT_LOC_STRINGS = YES;
				SWIFT_VERSION = 5.0;
				TARGETED_DEVICE_FAMILY = "1,2";
			};
			name = Debug;
		};
		D9023F562C15CA7A00FF0001 /* Release */ = {
			isa = XCBuildConfiguration;
			buildSettings = {
				ASSETCATALOG_COMPILER_APPICON_NAME = AppIcon;
				ASSETCATALOG_COMPILER_GLOBAL_ACCENT_COLOR_NAME = AccentColor;
				CODE_SIGN_STYLE = Automatic;
				CURRENT_PROJECT_VERSION = 1;
				GENERATE_INFOPLIST_FILE = YES;
				INFOPLIST_FILE = "rps-game-ios/Info.plist";
				INFOPLIST_KEY_UIApplicationSupportsIndirectInputEvents = YES;
				INFOPLIST_KEY_UILaunchStoryboardName = LaunchScreen;
				INFOPLIST_KEY_UISupportedInterfaceOrientations_iPad = "UIInterfaceOrientationPortrait UIInterfaceOrientationPortraitUpsideDown UIInterfaceOrientationLandscapeLeft UIInterfaceOrientationLandscapeRight";
				INFOPLIST_KEY_UISupportedInterfaceOrientations_iPhone = "UIInterfaceOrientationPortrait UIInterfaceOrientationLandscapeLeft UIInterfaceOrientationLandscapeRight";
				IPHONEOS_DEPLOYMENT_TARGET = 15.0;
				LD_RUNPATH_SEARCH_PATHS = (
					"$(inherited)",
					"@executable_path/Frameworks",
				);
				MARKETING_VERSION = 1.0;
				PRODUCT_BUNDLE_IDENTIFIER = "com.anyteam.rps-game-ios";
				PRODUCT_NAME = "$(TARGET_NAME)";
				SWIFT_EMIT_LOC_STRINGS = YES;
				SWIFT_VERSION = 5.0;
				TARGETED_DEVICE_FAMILY = "1,2";
			};
			name = Release;
		};
/* End XCBuildConfiguration section */

/* Begin XCConfigurationList section */
		D9023F3B2C15CA7800FF0001 /* Build configuration list for PBXProject "rps-game-ios" */ = {
			isa = XCConfigurationList;
			buildConfigurations = (
				D9023F522C15CA7A00FF0001 /* Debug */,
				D9023F532C15CA7A00FF0001 /* Release */,
			);
			defaultConfigurationIsVisible = 0;
			defaultConfigurationName = Release;
		};
		D9023F542C15CA7A00FF0001 /* Build configuration list for PBXNativeTarget "rps-game-ios" */ = {
			isa = XCConfigurationList;
			buildConfigurations = (
				D9023F552C15CA7A00FF0001 /* Debug */,
				D9023F562C15CA7A00FF0001 /* Release */,
			);
			defaultConfigurationIsVisible = 0;
			defaultConfigurationName = Release;
		};
/* End XCConfigurationList section */
	};
	rootObject = D9023F382C15CA7800FF0001 /* Project object */;
}
